// !$*UTF8*$!
{
	archiveVersion = 1;
	classes = {
	};
	objectVersion = 56;
	objects = {

/* Begin PBXBuildFile section */
		3C04B3572926C02000870764 /* TakeHomeTestiOSApp.swift in Sources */ = {isa = PBXBuildFile; fileRef = 3C04B3562926C02000870764 /* TakeHomeTestiOSApp.swift */; };
		3C04B3592926C02000870764 /* ContentView.swift in Sources */ = {isa = PBXBuildFile; fileRef = 3C04B3582926C02000870764 /* ContentView.swift */; };
		3C04B35B2926C02200870764 /* Assets.xcassets in Resources */ = {isa = PBXBuildFile; fileRef = 3C04B35A2926C02200870764 /* Assets.xcassets */; };
		3C04B35F2926C02200870764 /* Preview Assets.xcassets in Resources */ = {isa = PBXBuildFile; fileRef = 3C04B35E2926C02200870764 /* Preview Assets.xcassets */; };
		3C04B3692926C02300870764 /* TakeHomeTestiOSTests.swift in Sources */ = {isa = PBXBuildFile; fileRef = 3C04B3682926C02300870764 /* TakeHomeTestiOSTests.swift */; };
		3C04B3732926C02300870764 /* TakeHomeTestiOSUITests.swift in Sources */ = {isa = PBXBuildFile; fileRef = 3C04B3722926C02300870764 /* TakeHomeTestiOSUITests.swift */; };
		3C04B3752926C02300870764 /* TakeHomeTestiOSUITestsLaunchTests.swift in Sources */ = {isa = PBXBuildFile; fileRef = 3C04B3742926C02300870764 /* TakeHomeTestiOSUITestsLaunchTests.swift */; };
		3C04B3872927E19E00870764 /* CurrencyConverter in Frameworks */ = {isa = PBXBuildFile; productRef = 3C04B3862927E19E00870764 /* CurrencyConverter */; };
		3C8450FC2927FFAB00B792DA /* SideMenu.swift in Sources */ = {isa = PBXBuildFile; fileRef = 3C8450FB2927FFAB00B792DA /* SideMenu.swift */; };
		3C8450FE2927FFBD00B792DA /* DetailsView.swift in Sources */ = {isa = PBXBuildFile; fileRef = 3C8450FD2927FFBD00B792DA /* DetailsView.swift */; };
		3C845101292801AB00B792DA /* ConverterView.swift in Sources */ = {isa = PBXBuildFile; fileRef = 3C845100292801AB00B792DA /* ConverterView.swift */; };
		3C845104292801E700B792DA /* HistoricalDataView.swift in Sources */ = {isa = PBXBuildFile; fileRef = 3C845103292801E700B792DA /* HistoricalDataView.swift */; };
/* End PBXBuildFile section */

/* Begin PBXContainerItemProxy section */
		3C04B3652926C02300870764 /* PBXContainerItemProxy */ = {
			isa = PBXContainerItemProxy;
			containerPortal = 3C04B34B2926C02000870764 /* Project object */;
			proxyType = 1;
			remoteGlobalIDString = 3C04B3522926C02000870764;
			remoteInfo = TakeHomeTestiOS;
		};
		3C04B36F2926C02300870764 /* PBXContainerItemProxy */ = {
			isa = PBXContainerItemProxy;
			containerPortal = 3C04B34B2926C02000870764 /* Project object */;
			proxyType = 1;
			remoteGlobalIDString = 3C04B3522926C02000870764;
			remoteInfo = TakeHomeTestiOS;
		};
/* End PBXContainerItemProxy section */

/* Begin PBXFileReference section */
		3C04B3532926C02000870764 /* TakeHomeTestiOS.app */ = {isa = PBXFileReference; explicitFileType = wrapper.application; includeInIndex = 0; path = TakeHomeTestiOS.app; sourceTree = BUILT_PRODUCTS_DIR; };
		3C04B3562926C02000870764 /* TakeHomeTestiOSApp.swift */ = {isa = PBXFileReference; lastKnownFileType = sourcecode.swift; path = TakeHomeTestiOSApp.swift; sourceTree = "<group>"; };
		3C04B3582926C02000870764 /* ContentView.swift */ = {isa = PBXFileReference; lastKnownFileType = sourcecode.swift; path = ContentView.swift; sourceTree = "<group>"; };
		3C04B35A2926C02200870764 /* Assets.xcassets */ = {isa = PBXFileReference; lastKnownFileType = folder.assetcatalog; path = Assets.xcassets; sourceTree = "<group>"; };
		3C04B35C2926C02200870764 /* TakeHomeTestiOS.entitlements */ = {isa = PBXFileReference; lastKnownFileType = text.plist.entitlements; path = TakeHomeTestiOS.entitlements; sourceTree = "<group>"; };
		3C04B35E2926C02200870764 /* Preview Assets.xcassets */ = {isa = PBXFileReference; lastKnownFileType = folder.assetcatalog; path = "Preview Assets.xcassets"; sourceTree = "<group>"; };
		3C04B3642926C02300870764 /* TakeHomeTestiOSTests.xctest */ = {isa = PBXFileReference; explicitFileType = wrapper.cfbundle; includeInIndex = 0; path = TakeHomeTestiOSTests.xctest; sourceTree = BUILT_PRODUCTS_DIR; };
		3C04B3682926C02300870764 /* TakeHomeTestiOSTests.swift */ = {isa = PBXFileReference; lastKnownFileType = sourcecode.swift; path = TakeHomeTestiOSTests.swift; sourceTree = "<group>"; };
		3C04B36E2926C02300870764 /* TakeHomeTestiOSUITests.xctest */ = {isa = PBXFileReference; explicitFileType = wrapper.cfbundle; includeInIndex = 0; path = TakeHomeTestiOSUITests.xctest; sourceTree = BUILT_PRODUCTS_DIR; };
		3C04B3722926C02300870764 /* TakeHomeTestiOSUITests.swift */ = {isa = PBXFileReference; lastKnownFileType = sourcecode.swift; path = TakeHomeTestiOSUITests.swift; sourceTree = "<group>"; };
		3C04B3742926C02300870764 /* TakeHomeTestiOSUITestsLaunchTests.swift */ = {isa = PBXFileReference; lastKnownFileType = sourcecode.swift; path = TakeHomeTestiOSUITestsLaunchTests.swift; sourceTree = "<group>"; };
		3C04B3842927DC2F00870764 /* CurrencyConverter */ = {isa = PBXFileReference; lastKnownFileType = wrapper; path = CurrencyConverter; sourceTree = "<group>"; };
		3C8450FB2927FFAB00B792DA /* SideMenu.swift */ = {isa = PBXFileReference; lastKnownFileType = sourcecode.swift; path = SideMenu.swift; sourceTree = "<group>"; };
		3C8450FD2927FFBD00B792DA /* DetailsView.swift */ = {isa = PBXFileReference; lastKnownFileType = sourcecode.swift; path = DetailsView.swift; sourceTree = "<group>"; };
		3C845100292801AB00B792DA /* ConverterView.swift */ = {isa = PBXFileReference; lastKnownFileType = sourcecode.swift; path = ConverterView.swift; sourceTree = "<group>"; };
		3C845103292801E700B792DA /* HistoricalDataView.swift */ = {isa = PBXFileReference; lastKnownFileType = sourcecode.swift; path = HistoricalDataView.swift; sourceTree = "<group>"; };
/* End PBXFileReference section */

/* Begin PBXFrameworksBuildPhase section */
		3C04B3502926C02000870764 /* Frameworks */ = {
			isa = PBXFrameworksBuildPhase;
			buildActionMask = 2147483647;
			files = (
				3C04B3872927E19E00870764 /* CurrencyConverter in Frameworks */,
			);
			runOnlyForDeploymentPostprocessing = 0;
		};
		3C04B3612926C02300870764 /* Frameworks */ = {
			isa = PBXFrameworksBuildPhase;
			buildActionMask = 2147483647;
			files = (
			);
			runOnlyForDeploymentPostprocessing = 0;
		};
		3C04B36B2926C02300870764 /* Frameworks */ = {
			isa = PBXFrameworksBuildPhase;
			buildActionMask = 2147483647;
			files = (
			);
			runOnlyForDeploymentPostprocessing = 0;
		};
/* End PBXFrameworksBuildPhase section */

/* Begin PBXGroup section */
		3C04B34A2926C02000870764 = {
			isa = PBXGroup;
			children = (
				3C04B3842927DC2F00870764 /* CurrencyConverter */,
				3C04B3552926C02000870764 /* TakeHomeTestiOS */,
				3C04B3672926C02300870764 /* TakeHomeTestiOSTests */,
				3C04B3712926C02300870764 /* TakeHomeTestiOSUITests */,
				3C04B3542926C02000870764 /* Products */,
				3C04B3852927E19E00870764 /* Frameworks */,
			);
			sourceTree = "<group>";
		};
		3C04B3542926C02000870764 /* Products */ = {
			isa = PBXGroup;
			children = (
				3C04B3532926C02000870764 /* TakeHomeTestiOS.app */,
				3C04B3642926C02300870764 /* TakeHomeTestiOSTests.xctest */,
				3C04B36E2926C02300870764 /* TakeHomeTestiOSUITests.xctest */,
			);
			name = Products;
			sourceTree = "<group>";
		};
		3C04B3552926C02000870764 /* TakeHomeTestiOS */ = {
			isa = PBXGroup;
			children = (
				3C845102292801D300B792DA /* HistoricalDataView */,
				3C8450FF2928018700B792DA /* ConverterView */,
				3C8450FA2927FF8600B792DA /* Navigation */,
				3C04B3562926C02000870764 /* TakeHomeTestiOSApp.swift */,
				3C04B3582926C02000870764 /* ContentView.swift */,
				3C04B35A2926C02200870764 /* Assets.xcassets */,
				3C04B35C2926C02200870764 /* TakeHomeTestiOS.entitlements */,
				3C04B35D2926C02200870764 /* Preview Content */,
			);
			path = TakeHomeTestiOS;
			sourceTree = "<group>";
		};
		3C04B35D2926C02200870764 /* Preview Content */ = {
			isa = PBXGroup;
			children = (
				3C04B35E2926C02200870764 /* Preview Assets.xcassets */,
			);
			path = "Preview Content";
			sourceTree = "<group>";
		};
		3C04B3672926C02300870764 /* TakeHomeTestiOSTests */ = {
			isa = PBXGroup;
			children = (
				3C04B3682926C02300870764 /* TakeHomeTestiOSTests.swift */,
			);
			path = TakeHomeTestiOSTests;
			sourceTree = "<group>";
		};
		3C04B3712926C02300870764 /* TakeHomeTestiOSUITests */ = {
			isa = PBXGroup;
			children = (
				3C04B3722926C02300870764 /* TakeHomeTestiOSUITests.swift */,
				3C04B3742926C02300870764 /* TakeHomeTestiOSUITestsLaunchTests.swift */,
			);
			path = TakeHomeTestiOSUITests;
			sourceTree = "<group>";
		};
		3C04B3852927E19E00870764 /* Frameworks */ = {
			isa = PBXGroup;
			children = (
			);
			name = Frameworks;
			sourceTree = "<group>";
		};
		3C8450FA2927FF8600B792DA /* Navigation */ = {
			isa = PBXGroup;
			children = (
				3C8450FB2927FFAB00B792DA /* SideMenu.swift */,
				3C8450FD2927FFBD00B792DA /* DetailsView.swift */,
			);
			path = Navigation;
			sourceTree = "<group>";
		};
		3C8450FF2928018700B792DA /* ConverterView */ = {
			isa = PBXGroup;
			children = (
				3C845100292801AB00B792DA /* ConverterView.swift */,
			);
			path = ConverterView;
			sourceTree = "<group>";
		};
		3C845102292801D300B792DA /* HistoricalDataView */ = {
			isa = PBXGroup;
			children = (
				3C845103292801E700B792DA /* HistoricalDataView.swift */,
			);
			path = HistoricalDataView;
			sourceTree = "<group>";
		};
/* End PBXGroup section */

/* Begin PBXNativeTarget section */
		3C04B3522926C02000870764 /* TakeHomeTestiOS */ = {
			isa = PBXNativeTarget;
			buildConfigurationList = 3C04B3782926C02300870764 /* Build configuration list for PBXNativeTarget "TakeHomeTestiOS" */;
			buildPhases = (
				3C04B34F2926C02000870764 /* Sources */,
				3C04B3502926C02000870764 /* Frameworks */,
				3C04B3512926C02000870764 /* Resources */,
			);
			buildRules = (
			);
			dependencies = (
			);
			name = TakeHomeTestiOS;
			packageProductDependencies = (
				3C04B3862927E19E00870764 /* CurrencyConverter */,
			);
			productName = TakeHomeTestiOS;
			productReference = 3C04B3532926C02000870764 /* TakeHomeTestiOS.app */;
			productType = "com.apple.product-type.application";
		};
		3C04B3632926C02300870764 /* TakeHomeTestiOSTests */ = {
			isa = PBXNativeTarget;
			buildConfigurationList = 3C04B37B2926C02300870764 /* Build configuration list for PBXNativeTarget "TakeHomeTestiOSTests" */;
			buildPhases = (
				3C04B3602926C02300870764 /* Sources */,
				3C04B3612926C02300870764 /* Frameworks */,
				3C04B3622926C02300870764 /* Resources */,
			);
			buildRules = (
			);
			dependencies = (
				3C04B3662926C02300870764 /* PBXTargetDependency */,
			);
			name = TakeHomeTestiOSTests;
			productName = TakeHomeTestiOSTests;
			productReference = 3C04B3642926C02300870764 /* TakeHomeTestiOSTests.xctest */;
			productType = "com.apple.product-type.bundle.unit-test";
		};
		3C04B36D2926C02300870764 /* TakeHomeTestiOSUITests */ = {
			isa = PBXNativeTarget;
			buildConfigurationList = 3C04B37E2926C02300870764 /* Build configuration list for PBXNativeTarget "TakeHomeTestiOSUITests" */;
			buildPhases = (
				3C04B36A2926C02300870764 /* Sources */,
				3C04B36B2926C02300870764 /* Frameworks */,
				3C04B36C2926C02300870764 /* Resources */,
			);
			buildRules = (
			);
			dependencies = (
				3C04B3702926C02300870764 /* PBXTargetDependency */,
			);
			name = TakeHomeTestiOSUITests;
			productName = TakeHomeTestiOSUITests;
			productReference = 3C04B36E2926C02300870764 /* TakeHomeTestiOSUITests.xctest */;
			productType = "com.apple.product-type.bundle.ui-testing";
		};
/* End PBXNativeTarget section */

/* Begin PBXProject section */
		3C04B34B2926C02000870764 /* Project object */ = {
			isa = PBXProject;
			attributes = {
				BuildIndependentTargetsInParallel = 1;
				LastSwiftUpdateCheck = 1410;
				LastUpgradeCheck = 1410;
				TargetAttributes = {
					3C04B3522926C02000870764 = {
						CreatedOnToolsVersion = 14.1;
					};
					3C04B3632926C02300870764 = {
						CreatedOnToolsVersion = 14.1;
						TestTargetID = 3C04B3522926C02000870764;
					};
					3C04B36D2926C02300870764 = {
						CreatedOnToolsVersion = 14.1;
						TestTargetID = 3C04B3522926C02000870764;
					};
				};
			};
			buildConfigurationList = 3C04B34E2926C02000870764 /* Build configuration list for PBXProject "TakeHomeTestiOS" */;
			compatibilityVersion = "Xcode 14.0";
			developmentRegion = en;
			hasScannedForEncodings = 0;
			knownRegions = (
				en,
				Base,
			);
			mainGroup = 3C04B34A2926C02000870764;
			productRefGroup = 3C04B3542926C02000870764 /* Products */;
			projectDirPath = "";
			projectRoot = "";
			targets = (
				3C04B3522926C02000870764 /* TakeHomeTestiOS */,
				3C04B3632926C02300870764 /* TakeHomeTestiOSTests */,
				3C04B36D2926C02300870764 /* TakeHomeTestiOSUITests */,
			);
		};
/* End PBXProject section */

/* Begin PBXResourcesBuildPhase section */
		3C04B3512926C02000870764 /* Resources */ = {
			isa = PBXResourcesBuildPhase;
			buildActionMask = 2147483647;
			files = (
				3C04B35F2926C02200870764 /* Preview Assets.xcassets in Resources */,
				3C04B35B2926C02200870764 /* Assets.xcassets in Resources */,
			);
			runOnlyForDeploymentPostprocessing = 0;
		};
		3C04B3622926C02300870764 /* Resources */ = {
			isa = PBXResourcesBuildPhase;
			buildActionMask = 2147483647;
			files = (
			);
			runOnlyForDeploymentPostprocessing = 0;
		};
		3C04B36C2926C02300870764 /* Resources */ = {
			isa = PBXResourcesBuildPhase;
			buildActionMask = 2147483647;
			files = (
			);
			runOnlyForDeploymentPostprocessing = 0;
		};
/* End PBXResourcesBuildPhase section */

/* Begin PBXSourcesBuildPhase section */
		3C04B34F2926C02000870764 /* Sources */ = {
			isa = PBXSourcesBuildPhase;
			buildActionMask = 2147483647;
			files = (
				3C845104292801E700B792DA /* HistoricalDataView.swift in Sources */,
				3C8450FC2927FFAB00B792DA /* SideMenu.swift in Sources */,
				3C8450FE2927FFBD00B792DA /* DetailsView.swift in Sources */,
				3C04B3592926C02000870764 /* ContentView.swift in Sources */,
				3C845101292801AB00B792DA /* ConverterView.swift in Sources */,
				3C04B3572926C02000870764 /* TakeHomeTestiOSApp.swift in Sources */,
			);
			runOnlyForDeploymentPostprocessing = 0;
		};
		3C04B3602926C02300870764 /* Sources */ = {
			isa = PBXSourcesBuildPhase;
			buildActionMask = 2147483647;
			files = (
				3C04B3692926C02300870764 /* TakeHomeTestiOSTests.swift in Sources */,
			);
			runOnlyForDeploymentPostprocessing = 0;
		};
		3C04B36A2926C02300870764 /* Sources */ = {
			isa = PBXSourcesBuildPhase;
			buildActionMask = 2147483647;
			files = (
				3C04B3752926C02300870764 /* TakeHomeTestiOSUITestsLaunchTests.swift in Sources */,
				3C04B3732926C02300870764 /* TakeHomeTestiOSUITests.swift in Sources */,
			);
			runOnlyForDeploymentPostprocessing = 0;
		};
/* End PBXSourcesBuildPhase section */

/* Begin PBXTargetDependency section */
		3C04B3662926C02300870764 /* PBXTargetDependency */ = {
			isa = PBXTargetDependency;
			target = 3C04B3522926C02000870764 /* TakeHomeTestiOS */;
			targetProxy = 3C04B3652926C02300870764 /* PBXContainerItemProxy */;
		};
		3C04B3702926C02300870764 /* PBXTargetDependency */ = {
			isa = PBXTargetDependency;
			target = 3C04B3522926C02000870764 /* TakeHomeTestiOS */;
			targetProxy = 3C04B36F2926C02300870764 /* PBXContainerItemProxy */;
		};
/* End PBXTargetDependency section */

/* Begin XCBuildConfiguration section */
		3C04B3762926C02300870764 /* Debug */ = {
			isa = XCBuildConfiguration;
			buildSettings = {
				ALWAYS_SEARCH_USER_PATHS = NO;
				CLANG_ANALYZER_NONNULL = YES;
				CLANG_ANALYZER_NUMBER_OBJECT_CONVERSION = YES_AGGRESSIVE;
				CLANG_CXX_LANGUAGE_STANDARD = "gnu++20";
				CLANG_ENABLE_MODULES = YES;
				CLANG_ENABLE_OBJC_ARC = YES;
				CLANG_ENABLE_OBJC_WEAK = YES;
				CLANG_WARN_BLOCK_CAPTURE_AUTORELEASING = YES;
				CLANG_WARN_BOOL_CONVERSION = YES;
				CLANG_WARN_COMMA = YES;
				CLANG_WARN_CONSTANT_CONVERSION = YES;
				CLANG_WARN_DEPRECATED_OBJC_IMPLEMENTATIONS = YES;
				CLANG_WARN_DIRECT_OBJC_ISA_USAGE = YES_ERROR;
				CLANG_WARN_DOCUMENTATION_COMMENTS = YES;
				CLANG_WARN_EMPTY_BODY = YES;
				CLANG_WARN_ENUM_CONVERSION = YES;
				CLANG_WARN_INFINITE_RECURSION = YES;
				CLANG_WARN_INT_CONVERSION = YES;
				CLANG_WARN_NON_LITERAL_NULL_CONVERSION = YES;
				CLANG_WARN_OBJC_IMPLICIT_RETAIN_SELF = YES;
				CLANG_WARN_OBJC_LITERAL_CONVERSION = YES;
				CLANG_WARN_OBJC_ROOT_CLASS = YES_ERROR;
				CLANG_WARN_QUOTED_INCLUDE_IN_FRAMEWORK_HEADER = YES;
				CLANG_WARN_RANGE_LOOP_ANALYSIS = YES;
				CLANG_WARN_STRICT_PROTOTYPES = YES;
				CLANG_WARN_SUSPICIOUS_MOVE = YES;
				CLANG_WARN_UNGUARDED_AVAILABILITY = YES_AGGRESSIVE;
				CLANG_WARN_UNREACHABLE_CODE = YES;
				CLANG_WARN__DUPLICATE_METHOD_MATCH = YES;
				COPY_PHASE_STRIP = NO;
				DEBUG_INFORMATION_FORMAT = dwarf;
				ENABLE_STRICT_OBJC_MSGSEND = YES;
				ENABLE_TESTABILITY = YES;
				GCC_C_LANGUAGE_STANDARD = gnu11;
				GCC_DYNAMIC_NO_PIC = NO;
				GCC_NO_COMMON_BLOCKS = YES;
				GCC_OPTIMIZATION_LEVEL = 0;
				GCC_PREPROCESSOR_DEFINITIONS = (
					"DEBUG=1",
					"$(inherited)",
				);
				GCC_WARN_64_TO_32_BIT_CONVERSION = YES;
				GCC_WARN_ABOUT_RETURN_TYPE = YES_ERROR;
				GCC_WARN_UNDECLARED_SELECTOR = YES;
				GCC_WARN_UNINITIALIZED_AUTOS = YES_AGGRESSIVE;
				GCC_WARN_UNUSED_FUNCTION = YES;
				GCC_WARN_UNUSED_VARIABLE = YES;
				MTL_ENABLE_DEBUG_INFO = INCLUDE_SOURCE;
				MTL_FAST_MATH = YES;
				ONLY_ACTIVE_ARCH = YES;
				SWIFT_ACTIVE_COMPILATION_CONDITIONS = DEBUG;
				SWIFT_OPTIMIZATION_LEVEL = "-Onone";
			};
			name = Debug;
		};
		3C04B3772926C02300870764 /* Release */ = {
			isa = XCBuildConfiguration;
			buildSettings = {
				ALWAYS_SEARCH_USER_PATHS = NO;
				CLANG_ANALYZER_NONNULL = YES;
				CLANG_ANALYZER_NUMBER_OBJECT_CONVERSION = YES_AGGRESSIVE;
				CLANG_CXX_LANGUAGE_STANDARD = "gnu++20";
				CLANG_ENABLE_MODULES = YES;
				CLANG_ENABLE_OBJC_ARC = YES;
				CLANG_ENABLE_OBJC_WEAK = YES;
				CLANG_WARN_BLOCK_CAPTURE_AUTORELEASING = YES;
				CLANG_WARN_BOOL_CONVERSION = YES;
				CLANG_WARN_COMMA = YES;
				CLANG_WARN_CONSTANT_CONVERSION = YES;
				CLANG_WARN_DEPRECATED_OBJC_IMPLEMENTATIONS = YES;
				CLANG_WARN_DIRECT_OBJC_ISA_USAGE = YES_ERROR;
				CLANG_WARN_DOCUMENTATION_COMMENTS = YES;
				CLANG_WARN_EMPTY_BODY = YES;
				CLANG_WARN_ENUM_CONVERSION = YES;
				CLANG_WARN_INFINITE_RECURSION = YES;
				CLANG_WARN_INT_CONVERSION = YES;
				CLANG_WARN_NON_LITERAL_NULL_CONVERSION = YES;
				CLANG_WARN_OBJC_IMPLICIT_RETAIN_SELF = YES;
				CLANG_WARN_OBJC_LITERAL_CONVERSION = YES;
				CLANG_WARN_OBJC_ROOT_CLASS = YES_ERROR;
				CLANG_WARN_QUOTED_INCLUDE_IN_FRAMEWORK_HEADER = YES;
				CLANG_WARN_RANGE_LOOP_ANALYSIS = YES;
				CLANG_WARN_STRICT_PROTOTYPES = YES;
				CLANG_WARN_SUSPICIOUS_MOVE = YES;
				CLANG_WARN_UNGUARDED_AVAILABILITY = YES_AGGRESSIVE;
				CLANG_WARN_UNREACHABLE_CODE = YES;
				CLANG_WARN__DUPLICATE_METHOD_MATCH = YES;
				COPY_PHASE_STRIP = NO;
				DEBUG_INFORMATION_FORMAT = "dwarf-with-dsym";
				ENABLE_NS_ASSERTIONS = NO;
				ENABLE_STRICT_OBJC_MSGSEND = YES;
				GCC_C_LANGUAGE_STANDARD = gnu11;
				GCC_NO_COMMON_BLOCKS = YES;
				GCC_WARN_64_TO_32_BIT_CONVERSION = YES;
				GCC_WARN_ABOUT_RETURN_TYPE = YES_ERROR;
				GCC_WARN_UNDECLARED_SELECTOR = YES;
				GCC_WARN_UNINITIALIZED_AUTOS = YES_AGGRESSIVE;
				GCC_WARN_UNUSED_FUNCTION = YES;
				GCC_WARN_UNUSED_VARIABLE = YES;
				MTL_ENABLE_DEBUG_INFO = NO;
				MTL_FAST_MATH = YES;
				SWIFT_COMPILATION_MODE = wholemodule;
				SWIFT_OPTIMIZATION_LEVEL = "-O";
			};
			name = Release;
		};
		3C04B3792926C02300870764 /* Debug */ = {
			isa = XCBuildConfiguration;
			buildSettings = {
				ASSETCATALOG_COMPILER_APPICON_NAME = AppIcon;
				ASSETCATALOG_COMPILER_GLOBAL_ACCENT_COLOR_NAME = AccentColor;
				CODE_SIGN_ENTITLEMENTS = TakeHomeTestiOS/TakeHomeTestiOS.entitlements;
				CODE_SIGN_STYLE = Automatic;
				CURRENT_PROJECT_VERSION = 1;
				DEVELOPMENT_ASSET_PATHS = "\"TakeHomeTestiOS/Preview Content\"";
				DEVELOPMENT_TEAM = UUUTB6SGAH;
				ENABLE_HARDENED_RUNTIME = YES;
				ENABLE_PREVIEWS = YES;
				GENERATE_INFOPLIST_FILE = YES;
				"INFOPLIST_KEY_UIApplicationSceneManifest_Generation[sdk=iphoneos*]" = YES;
				"INFOPLIST_KEY_UIApplicationSceneManifest_Generation[sdk=iphonesimulator*]" = YES;
				"INFOPLIST_KEY_UIApplicationSupportsIndirectInputEvents[sdk=iphoneos*]" = YES;
				"INFOPLIST_KEY_UIApplicationSupportsIndirectInputEvents[sdk=iphonesimulator*]" = YES;
				"INFOPLIST_KEY_UILaunchScreen_Generation[sdk=iphoneos*]" = YES;
				"INFOPLIST_KEY_UILaunchScreen_Generation[sdk=iphonesimulator*]" = YES;
				"INFOPLIST_KEY_UIStatusBarStyle[sdk=iphoneos*]" = UIStatusBarStyleDefault;
				"INFOPLIST_KEY_UIStatusBarStyle[sdk=iphonesimulator*]" = UIStatusBarStyleDefault;
				INFOPLIST_KEY_UISupportedInterfaceOrientations_iPad = "UIInterfaceOrientationPortrait UIInterfaceOrientationPortraitUpsideDown UIInterfaceOrientationLandscapeLeft UIInterfaceOrientationLandscapeRight";
				INFOPLIST_KEY_UISupportedInterfaceOrientations_iPhone = "UIInterfaceOrientationPortrait UIInterfaceOrientationLandscapeLeft UIInterfaceOrientationLandscapeRight";
				IPHONEOS_DEPLOYMENT_TARGET = 16.0;
				LD_RUNPATH_SEARCH_PATHS = "@executable_path/Frameworks";
				"LD_RUNPATH_SEARCH_PATHS[sdk=macosx*]" = "@executable_path/../Frameworks";
				MACOSX_DEPLOYMENT_TARGET = 13.0;
				MARKETING_VERSION = 1.0;
				PRODUCT_BUNDLE_IDENTIFIER = SraavanNullEnvironment.TakeHomeTestiOS;
				PRODUCT_NAME = "$(TARGET_NAME)";
				SDKROOT = auto;
				SUPPORTED_PLATFORMS = "iphoneos iphonesimulator macosx";
				SWIFT_EMIT_LOC_STRINGS = YES;
				SWIFT_VERSION = 5.0;
				TARGETED_DEVICE_FAMILY = "1,2";
			};
			name = Debug;
		};
		3C04B37A2926C02300870764 /* Release */ = {
			isa = XCBuildConfiguration;
			buildSettings = {
				ASSETCATALOG_COMPILER_APPICON_NAME = AppIcon;
				ASSETCATALOG_COMPILER_GLOBAL_ACCENT_COLOR_NAME = AccentColor;
				CODE_SIGN_ENTITLEMENTS = TakeHomeTestiOS/TakeHomeTestiOS.entitlements;
				CODE_SIGN_STYLE = Automatic;
				CURRENT_PROJECT_VERSION = 1;
				DEVELOPMENT_ASSET_PATHS = "\"TakeHomeTestiOS/Preview Content\"";
				DEVELOPMENT_TEAM = UUUTB6SGAH;
				ENABLE_HARDENED_RUNTIME = YES;
				ENABLE_PREVIEWS = YES;
				GENERATE_INFOPLIST_FILE = YES;
				"INFOPLIST_KEY_UIApplicationSceneManifest_Generation[sdk=iphoneos*]" = YES;
				"INFOPLIST_KEY_UIApplicationSceneManifest_Generation[sdk=iphonesimulator*]" = YES;
				"INFOPLIST_KEY_UIApplicationSupportsIndirectInputEvents[sdk=iphoneos*]" = YES;
				"INFOPLIST_KEY_UIApplicationSupportsIndirectInputEvents[sdk=iphonesimulator*]" = YES;
				"INFOPLIST_KEY_UILaunchScreen_Generation[sdk=iphoneos*]" = YES;
				"INFOPLIST_KEY_UILaunchScreen_Generation[sdk=iphonesimulator*]" = YES;
				"INFOPLIST_KEY_UIStatusBarStyle[sdk=iphoneos*]" = UIStatusBarStyleDefault;
				"INFOPLIST_KEY_UIStatusBarStyle[sdk=iphonesimulator*]" = UIStatusBarStyleDefault;
				INFOPLIST_KEY_UISupportedInterfaceOrientations_iPad = "UIInterfaceOrientationPortrait UIInterfaceOrientationPortraitUpsideDown UIInterfaceOrientationLandscapeLeft UIInterfaceOrientationLandscapeRight";
				INFOPLIST_KEY_UISupportedInterfaceOrientations_iPhone = "UIInterfaceOrientationPortrait UIInterfaceOrientationLandscapeLeft UIInterfaceOrientationLandscapeRight";
				IPHONEOS_DEPLOYMENT_TARGET = 16.0;
				LD_RUNPATH_SEARCH_PATHS = "@executable_path/Frameworks";
				"LD_RUNPATH_SEARCH_PATHS[sdk=macosx*]" = "@executable_path/../Frameworks";
				MACOSX_DEPLOYMENT_TARGET = 13.0;
				MARKETING_VERSION = 1.0;
				PRODUCT_BUNDLE_IDENTIFIER = SraavanNullEnvironment.TakeHomeTestiOS;
				PRODUCT_NAME = "$(TARGET_NAME)";
				SDKROOT = auto;
				SUPPORTED_PLATFORMS = "iphoneos iphonesimulator macosx";
				SWIFT_EMIT_LOC_STRINGS = YES;
				SWIFT_VERSION = 5.0;
				TARGETED_DEVICE_FAMILY = "1,2";
			};
			name = Release;
		};
		3C04B37C2926C02300870764 /* Debug */ = {
			isa = XCBuildConfiguration;
			buildSettings = {
				ALWAYS_EMBED_SWIFT_STANDARD_LIBRARIES = YES;
				BUNDLE_LOADER = "$(TEST_HOST)";
				CODE_SIGN_STYLE = Automatic;
				CURRENT_PROJECT_VERSION = 1;
				DEVELOPMENT_TEAM = UUUTB6SGAH;
				GENERATE_INFOPLIST_FILE = YES;
				IPHONEOS_DEPLOYMENT_TARGET = 16.1;
				MACOSX_DEPLOYMENT_TARGET = 13.0;
				MARKETING_VERSION = 1.0;
				PRODUCT_BUNDLE_IDENTIFIER = SraavanNullEnvironment.TakeHomeTestiOSTests;
				PRODUCT_NAME = "$(TARGET_NAME)";
				SDKROOT = auto;
				SUPPORTED_PLATFORMS = "iphoneos iphonesimulator macosx";
				SWIFT_EMIT_LOC_STRINGS = NO;
				SWIFT_VERSION = 5.0;
				TARGETED_DEVICE_FAMILY = "1,2";
				TEST_HOST = "$(BUILT_PRODUCTS_DIR)/TakeHomeTestiOS.app/$(BUNDLE_EXECUTABLE_FOLDER_PATH)/TakeHomeTestiOS";
			};
			name = Debug;
		};
		3C04B37D2926C02300870764 /* Release */ = {
			isa = XCBuildConfiguration;
			buildSettings = {
				ALWAYS_EMBED_SWIFT_STANDARD_LIBRARIES = YES;
				BUNDLE_LOADER = "$(TEST_HOST)";
				CODE_SIGN_STYLE = Automatic;
				CURRENT_PROJECT_VERSION = 1;
				DEVELOPMENT_TEAM = UUUTB6SGAH;
				GENERATE_INFOPLIST_FILE = YES;
				IPHONEOS_DEPLOYMENT_TARGET = 16.1;
				MACOSX_DEPLOYMENT_TARGET = 13.0;
				MARKETING_VERSION = 1.0;
				PRODUCT_BUNDLE_IDENTIFIER = SraavanNullEnvironment.TakeHomeTestiOSTests;
				PRODUCT_NAME = "$(TARGET_NAME)";
				SDKROOT = auto;
				SUPPORTED_PLATFORMS = "iphoneos iphonesimulator macosx";
				SWIFT_EMIT_LOC_STRINGS = NO;
				SWIFT_VERSION = 5.0;
				TARGETED_DEVICE_FAMILY = "1,2";
				TEST_HOST = "$(BUILT_PRODUCTS_DIR)/TakeHomeTestiOS.app/$(BUNDLE_EXECUTABLE_FOLDER_PATH)/TakeHomeTestiOS";
			};
			name = Release;
		};
		3C04B37F2926C02300870764 /* Debug */ = {
			isa = XCBuildConfiguration;
			buildSettings = {
				ALWAYS_EMBED_SWIFT_STANDARD_LIBRARIES = YES;
				CODE_SIGN_STYLE = Automatic;
				CURRENT_PROJECT_VERSION = 1;
				DEVELOPMENT_TEAM = UUUTB6SGAH;
				GENERATE_INFOPLIST_FILE = YES;
				IPHONEOS_DEPLOYMENT_TARGET = 16.1;
				MACOSX_DEPLOYMENT_TARGET = 13.0;
				MARKETING_VERSION = 1.0;
				PRODUCT_BUNDLE_IDENTIFIER = SraavanNullEnvironment.TakeHomeTestiOSUITests;
				PRODUCT_NAME = "$(TARGET_NAME)";
				SDKROOT = auto;
				SUPPORTED_PLATFORMS = "iphoneos iphonesimulator macosx";
				SWIFT_EMIT_LOC_STRINGS = NO;
				SWIFT_VERSION = 5.0;
				TARGETED_DEVICE_FAMILY = "1,2";
				TEST_TARGET_NAME = TakeHomeTestiOS;
			};
			name = Debug;
		};
		3C04B3802926C02300870764 /* Release */ = {
			isa = XCBuildConfiguration;
			buildSettings = {
				ALWAYS_EMBED_SWIFT_STANDARD_LIBRARIES = YES;
				CODE_SIGN_STYLE = Automatic;
				CURRENT_PROJECT_VERSION = 1;
				DEVELOPMENT_TEAM = UUUTB6SGAH;
				GENERATE_INFOPLIST_FILE = YES;
				IPHONEOS_DEPLOYMENT_TARGET = 16.1;
				MACOSX_DEPLOYMENT_TARGET = 13.0;
				MARKETING_VERSION = 1.0;
				PRODUCT_BUNDLE_IDENTIFIER = SraavanNullEnvironment.TakeHomeTestiOSUITests;
				PRODUCT_NAME = "$(TARGET_NAME)";
				SDKROOT = auto;
				SUPPORTED_PLATFORMS = "iphoneos iphonesimulator macosx";
				SWIFT_EMIT_LOC_STRINGS = NO;
				SWIFT_VERSION = 5.0;
				TARGETED_DEVICE_FAMILY = "1,2";
				TEST_TARGET_NAME = TakeHomeTestiOS;
			};
			name = Release;
		};
/* End XCBuildConfiguration section */

/* Begin XCConfigurationList section */
		3C04B34E2926C02000870764 /* Build configuration list for PBXProject "TakeHomeTestiOS" */ = {
			isa = XCConfigurationList;
			buildConfigurations = (
				3C04B3762926C02300870764 /* Debug */,
				3C04B3772926C02300870764 /* Release */,
			);
			defaultConfigurationIsVisible = 0;
			defaultConfigurationName = Release;
		};
		3C04B3782926C02300870764 /* Build configuration list for PBXNativeTarget "TakeHomeTestiOS" */ = {
			isa = XCConfigurationList;
			buildConfigurations = (
				3C04B3792926C02300870764 /* Debug */,
				3C04B37A2926C02300870764 /* Release */,
			);
			defaultConfigurationIsVisible = 0;
			defaultConfigurationName = Release;
		};
		3C04B37B2926C02300870764 /* Build configuration list for PBXNativeTarget "TakeHomeTestiOSTests" */ = {
			isa = XCConfigurationList;
			buildConfigurations = (
				3C04B37C2926C02300870764 /* Debug */,
				3C04B37D2926C02300870764 /* Release */,
			);
			defaultConfigurationIsVisible = 0;
			defaultConfigurationName = Release;
		};
		3C04B37E2926C02300870764 /* Build configuration list for PBXNativeTarget "TakeHomeTestiOSUITests" */ = {
			isa = XCConfigurationList;
			buildConfigurations = (
				3C04B37F2926C02300870764 /* Debug */,
				3C04B3802926C02300870764 /* Release */,
			);
			defaultConfigurationIsVisible = 0;
			defaultConfigurationName = Release;
		};
/* End XCConfigurationList section */

/* Begin XCSwiftPackageProductDependency section */
		3C04B3862927E19E00870764 /* CurrencyConverter */ = {
			isa = XCSwiftPackageProductDependency;
			productName = CurrencyConverter;
		};
/* End XCSwiftPackageProductDependency section */
	};
	rootObject = 3C04B34B2926C02000870764 /* Project object */;
}
